{
  "version": "5",
  "specifiers": {
    "jsr:@marianmeres/npmbuild@^1.13.0": "1.13.0",
    "jsr:@marianmeres/pubsub@3": "3.0.0",
    "jsr:@marianmeres/store@3": "3.0.0",
    "jsr:@std/assert@^1.0.19": "1.0.19",
    "jsr:@std/collections@^1.1.6": "1.1.6",
    "jsr:@std/fs@^1.0.23": "1.0.23",
    "jsr:@std/internal@^1.0.12": "1.0.12",
    "jsr:@std/path@^1.1.4": "1.1.4"
  },
  "jsr": {
    "@marianmeres/npmbuild@1.13.0": {
      "integrity": "6283bc3fce312cf8a15fb1b979bc7e974fb99849ae0b449aa5a4837e4e7bb635",
      "dependencies": [
        "jsr:@std/collections",
        "jsr:@std/fs",
        "jsr:@std/path"
      ]
    },
    "@marianmeres/pubsub@3.0.0": {
      "integrity": "9bc40e60362801663fb23e0c00a353abec7684840b6bea410facba09c083677b"
    },
    "@marianmeres/store@3.0.0": {
      "integrity": "cf848628bf2a39532426c3e37f865ab6307d7e8b3e53603cf86abb77554363e7",
      "dependencies": [
        "jsr:@marianmeres/pubsub"
      ]
    },
    "@std/assert@1.0.19": {
      "integrity": "eaada96ee120cb980bc47e040f82814d786fe8162ecc53c91d8df60b8755991e",
      "dependencies": [
        "jsr:@std/internal"
      ]
    },
    "@std/collections@1.1.6": {
      "integrity": "b458160ce65ea5ad35da05d0a5cbee4b583677c8b443a10d7beb0c4ac63f2baa"
    },
    "@std/fs@1.0.23": {
      "integrity": "3ecbae4ce4fee03b180fa710caff36bb5adb66631c46a6460aaad49515565a37",
      "dependencies": [
        "jsr:@std/internal",
        "jsr:@std/path"
      ]
    },
    "@std/internal@1.0.12": {
      "integrity": "972a634fd5bc34b242024402972cd5143eac68d8dffaca5eaa4dba30ce17b027"
    },
    "@std/path@1.1.4": {
      "integrity": "1d2d43f39efb1b42f0b1882a25486647cb851481862dc7313390b2bb044314b5",
      "dependencies": [
        "jsr:@std/internal"
      ]
    }
  },
  "workspace": {
    "dependencies": [
      "jsr:@marianmeres/npmbuild@^1.13.0",
      "jsr:@marianmeres/store@3",
      "jsr:@std/assert@^1.0.19",
      "jsr:@std/fs@^1.0.23",
      "jsr:@std/path@^1.1.4"
    ]
  }
}
